
Microsoft Visual Studio Solution File, Format Version 12.00
# Visual Studio Version 17
VisualStudioVersion = 17.3.32901.215
MinimumVisualStudioVersion = 10.0.40219.1
Project("{FAE04EC0-301F-11D3-BF4B-00C04F79EFBC}") = "login_registration", "login_registration.csproj", "{E3A4E777-0876-4044-A701-7BDA8A7D4F15}"
EndProject
Global
	GlobalSection(SolutionConfigurationPlatforms) = preSolution
		Debug|Any CPU = Debug|Any CPU
		Release|Any CPU = Release|Any CPU
	EndGlobalSection
	GlobalSection(ProjectConfigurationPlatforms) = postSolution
		{E3A4E777-0876-4044-A701-7BDA8A7D4F15}.Debug|Any CPU.ActiveCfg = Debug|Any CPU
		{E3A4E777-0876-4044-A701-7BDA8A7D4F15}.Debug|Any CPU.Build.0 = Debug|Any CPU
		{E3A4E777-0876-4044-A701-7BDA8A7D4F15}.Release|Any CPU.ActiveCfg = Release|Any CPU
		{E3A4E777-0876-4044-A701-7BDA8A7D4F15}.Release|Any CPU.Build.0 = Release|Any CPU
	EndGlobalSection
	GlobalSection(SolutionProperties) = preSolution
		HideSolutionNode = FALSE
	EndGlobalSection
	GlobalSection(ExtensibilityGlobals) = postSolution
		SolutionGuid = {58BA16F2-A8C1-4796-B5DB-82241F04E34B}
	EndGlobalSection
EndGlobal
